// !$*UTF8*$!
{
	archiveVersion = 1;
	classes = {
	};
	objectVersion = 77;
	objects = {

/* Begin PBXBuildFile section */
		C1705AA62F625E97009733D0 /* WidgetKit.framework in Frameworks */ = {isa = PBXBuildFile; fileRef = C1705AA52F625E97009733D0 /* WidgetKit.framework */; };
		C1705AA82F625E97009733D0 /* SwiftUI.framework in Frameworks */ = {isa = PBXBuildFile; fileRef = C1705AA72F625E97009733D0 /* SwiftUI.framework */; };
		C1705AB52F625E98009733D0 /* EarlyRiseLiveActivityExtension.appex in Embed Foundation Extensions */ = {isa = PBXBuildFile; fileRef = C1705AA42F625E96009733D0 /* EarlyRiseLiveActivityExtension.appex */; settings = {ATTRIBUTES = (RemoveHeadersOnCopy, ); }; };
		C1705ABF2F626CC9009733D0 /* ActivityKit.framework in Frameworks */ = {isa = PBXBuildFile; fileRef = C1705ABE2F626CC9009733D0 /* ActivityKit.framework */; };
		C177B6042F6105790000D2F6 /* ManagedSettings.framework in Frameworks */ = {isa = PBXBuildFile; fileRef = C17DB6132F5FBCED0017A0C6 /* ManagedSettings.framework */; };
		C177B60C2F6105790000D2F6 /* ShieldAction.appex in Embed Foundation Extensions */ = {isa = PBXBuildFile; fileRef = C177B6032F6105790000D2F6 /* ShieldAction.appex */; settings = {ATTRIBUTES = (RemoveHeadersOnCopy, ); }; };
		C17DB6142F5FBCED0017A0C6 /* ManagedSettings.framework in Frameworks */ = {isa = PBXBuildFile; fileRef = C17DB6132F5FBCED0017A0C6 /* ManagedSettings.framework */; };
		C17DB6162F5FBCED0017A0C6 /* ManagedSettingsUI.framework in Frameworks */ = {isa = PBXBuildFile; fileRef = C17DB6152F5FBCED0017A0C6 /* ManagedSettingsUI.framework */; };
		C17DB61E2F5FBCED0017A0C6 /* ShieldConfiguration.appex in Embed Foundation Extensions */ = {isa = PBXBuildFile; fileRef = C17DB6112F5FBCED0017A0C6 /* ShieldConfiguration.appex */; settings = {ATTRIBUTES = (RemoveHeadersOnCopy, ); }; };
		C17DB62A2F5FBD470017A0C6 /* DeviceActivity.framework in Frameworks */ = {isa = PBXBuildFile; fileRef = C17DB6292F5FBD470017A0C6 /* DeviceActivity.framework */; };
		C17DB6322F5FBD470017A0C6 /* DeviceActivityMonitor.appex in Embed Foundation Extensions */ = {isa = PBXBuildFile; fileRef = C17DB6282F5FBD470017A0C6 /* DeviceActivityMonitor.appex */; settings = {ATTRIBUTES = (RemoveHeadersOnCopy, ); }; };
		C1EB41862F5D366300848999 /* TaskListView.swift in Sources */ = {isa = PBXBuildFile; fileRef = C1EB41852F5D366300848999 /* TaskListView.swift */; };
/* End PBXBuildFile section */

/* Begin PBXContainerItemProxy section */
		C1705AB32F625E98009733D0 /* PBXContainerItemProxy */ = {
			isa = PBXContainerItemProxy;
			containerPortal = C1EB416D2F5D2FCD00848999 /* Project object */;
			proxyType = 1;
			remoteGlobalIDString = C1705AA32F625E96009733D0;
			remoteInfo = EarlyRiseLiveActivityExtension;
		};
		C177B60A2F6105790000D2F6 /* PBXContainerItemProxy */ = {
			isa = PBXContainerItemProxy;
			containerPortal = C1EB416D2F5D2FCD00848999 /* Project object */;
			proxyType = 1;
			remoteGlobalIDString = C177B6022F6105790000D2F6;
			remoteInfo = ShieldAction;
		};
		C17DB61C2F5FBCED0017A0C6 /* PBXContainerItemProxy */ = {
			isa = PBXContainerItemProxy;
			containerPortal = C1EB416D2F5D2FCD00848999 /* Project object */;
			proxyType = 1;
			remoteGlobalIDString = C17DB6102F5FBCED0017A0C6;
			remoteInfo = ShieldConfiguration;
		};
		C17DB6302F5FBD470017A0C6 /* PBXContainerItemProxy */ = {
			isa = PBXContainerItemProxy;
			containerPortal = C1EB416D2F5D2FCD00848999 /* Project object */;
			proxyType = 1;
			remoteGlobalIDString = C17DB6272F5FBD470017A0C6;
			remoteInfo = DeviceActivityMonitor;
		};
/* End PBXContainerItemProxy section */

/* Begin PBXCopyFilesBuildPhase section */
		C17DB6232F5FBCED0017A0C6 /* Embed Foundation Extensions */ = {
			isa = PBXCopyFilesBuildPhase;
			buildActionMask = 2147483647;
			dstPath = "";
			dstSubfolderSpec = 13;
			files = (
				C177B60C2F6105790000D2F6 /* ShieldAction.appex in Embed Foundation Extensions */,
				C17DB6322F5FBD470017A0C6 /* DeviceActivityMonitor.appex in Embed Foundation Extensions */,
				C1705AB52F625E98009733D0 /* EarlyRiseLiveActivityExtension.appex in Embed Foundation Extensions */,
				C17DB61E2F5FBCED0017A0C6 /* ShieldConfiguration.appex in Embed Foundation Extensions */,
			);
			name = "Embed Foundation Extensions";
			runOnlyForDeploymentPostprocessing = 0;
		};
/* End PBXCopyFilesBuildPhase section */

/* Begin PBXFileReference section */
		C1705AA42F625E96009733D0 /* EarlyRiseLiveActivityExtension.appex */ = {isa = PBXFileReference; explicitFileType = "wrapper.app-extension"; includeInIndex = 0; path = EarlyRiseLiveActivityExtension.appex; sourceTree = BUILT_PRODUCTS_DIR; };
		C1705AA52F625E97009733D0 /* WidgetKit.framework */ = {isa = PBXFileReference; lastKnownFileType = wrapper.framework; name = WidgetKit.framework; path = System/Library/Frameworks/WidgetKit.framework; sourceTree = SDKROOT; };
		C1705AA72F625E97009733D0 /* SwiftUI.framework */ = {isa = PBXFileReference; lastKnownFileType = wrapper.framework; name = SwiftUI.framework; path = System/Library/Frameworks/SwiftUI.framework; sourceTree = SDKROOT; };
		C1705ABE2F626CC9009733D0 /* ActivityKit.framework */ = {isa = PBXFileReference; lastKnownFileType = wrapper.framework; name = ActivityKit.framework; path = System/Library/Frameworks/ActivityKit.framework; sourceTree = SDKROOT; };
		C177B6032F6105790000D2F6 /* ShieldAction.appex */ = {isa = PBXFileReference; explicitFileType = "wrapper.app-extension"; includeInIndex = 0; path = ShieldAction.appex; sourceTree = BUILT_PRODUCTS_DIR; };
		C17DB6112F5FBCED0017A0C6 /* ShieldConfiguration.appex */ = {isa = PBXFileReference; explicitFileType = "wrapper.app-extension"; includeInIndex = 0; path = ShieldConfiguration.appex; sourceTree = BUILT_PRODUCTS_DIR; };
		C17DB6132F5FBCED0017A0C6 /* ManagedSettings.framework */ = {isa = PBXFileReference; lastKnownFileType = wrapper.framework; name = ManagedSettings.framework; path = System/Library/Frameworks/ManagedSettings.framework; sourceTree = SDKROOT; };
		C17DB6152F5FBCED0017A0C6 /* ManagedSettingsUI.framework */ = {isa = PBXFileReference; lastKnownFileType = wrapper.framework; name = ManagedSettingsUI.framework; path = System/Library/Frameworks/ManagedSettingsUI.framework; sourceTree = SDKROOT; };
		C17DB6282F5FBD470017A0C6 /* DeviceActivityMonitor.appex */ = {isa = PBXFileReference; explicitFileType = "wrapper.app-extension"; includeInIndex = 0; path = DeviceActivityMonitor.appex; sourceTree = BUILT_PRODUCTS_DIR; };
		C17DB6292F5FBD470017A0C6 /* DeviceActivity.framework */ = {isa = PBXFileReference; lastKnownFileType = wrapper.framework; name = DeviceActivity.framework; path = System/Library/Frameworks/DeviceActivity.framework; sourceTree = SDKROOT; };
		C1EB41752F5D2FCD00848999 /* EarlyRise.app */ = {isa = PBXFileReference; explicitFileType = wrapper.application; includeInIndex = 0; path = EarlyRise.app; sourceTree = BUILT_PRODUCTS_DIR; };
		C1EB41852F5D366300848999 /* TaskListView.swift */ = {isa = PBXFileReference; lastKnownFileType = sourcecode.swift; path = TaskListView.swift; sourceTree = "<group>"; };
/* End PBXFileReference section */

/* Begin PBXFileSystemSynchronizedBuildFileExceptionSet section */
		C1705AB92F625E98009733D0 /* Exceptions for "EarlyRiseLiveActivity" folder in "EarlyRiseLiveActivityExtension" target */ = {
			isa = PBXFileSystemSynchronizedBuildFileExceptionSet;
			membershipExceptions = (
				Info.plist,
			);
			target = C1705AA32F625E96009733D0 /* EarlyRiseLiveActivityExtension */;
		};
		C177B60F2F6105790000D2F6 /* Exceptions for "ShieldAction" folder in "ShieldAction" target */ = {
			isa = PBXFileSystemSynchronizedBuildFileExceptionSet;
			membershipExceptions = (
				Info.plist,
			);
			target = C177B6022F6105790000D2F6 /* ShieldAction */;
		};
		C177B6122F6109C90000D2F6 /* Exceptions for "EarlyRise" folder in "EarlyRise" target */ = {
			isa = PBXFileSystemSynchronizedBuildFileExceptionSet;
			membershipExceptions = (
				Info.plist,
			);
			target = C1EB41742F5D2FCD00848999 /* EarlyRise */;
		};
		C17DB61F2F5FBCED0017A0C6 /* Exceptions for "ShieldConfiguration" folder in "ShieldConfiguration" target */ = {
			isa = PBXFileSystemSynchronizedBuildFileExceptionSet;
			membershipExceptions = (
				Info.plist,
			);
			target = C17DB6102F5FBCED0017A0C6 /* ShieldConfiguration */;
		};
		C17DB6332F5FBD470017A0C6 /* Exceptions for "DeviceActivityMonitor" folder in "DeviceActivityMonitor" target */ = {
			isa = PBXFileSystemSynchronizedBuildFileExceptionSet;
			membershipExceptions = (
				Info.plist,
			);
			target = C17DB6272F5FBD470017A0C6 /* DeviceActivityMonitor */;
		};
/* End PBXFileSystemSynchronizedBuildFileExceptionSet section */

/* Begin PBXFileSystemSynchronizedRootGroup section */
		C1705AA92F625E97009733D0 /* EarlyRiseLiveActivity */ = {
			isa = PBXFileSystemSynchronizedRootGroup;
			exceptions = (
				C1705AB92F625E98009733D0 /* Exceptions for "EarlyRiseLiveActivity" folder in "EarlyRiseLiveActivityExtension" target */,
			);
			path = EarlyRiseLiveActivity;
			sourceTree = "<group>";
		};
		C177B6052F6105790000D2F6 /* ShieldAction */ = {
			isa = PBXFileSystemSynchronizedRootGroup;
			exceptions = (
				C177B60F2F6105790000D2F6 /* Exceptions for "ShieldAction" folder in "ShieldAction" target */,
			);
			path = ShieldAction;
			sourceTree = "<group>";
		};
		C17DB6172F5FBCED0017A0C6 /* ShieldConfiguration */ = {
			isa = PBXFileSystemSynchronizedRootGroup;
			exceptions = (
				C17DB61F2F5FBCED0017A0C6 /* Exceptions for "ShieldConfiguration" folder in "ShieldConfiguration" target */,
			);
			path = ShieldConfiguration;
			sourceTree = "<group>";
		};
		C17DB62B2F5FBD470017A0C6 /* DeviceActivityMonitor */ = {
			isa = PBXFileSystemSynchronizedRootGroup;
			exceptions = (
				C17DB6332F5FBD470017A0C6 /* Exceptions for "DeviceActivityMonitor" folder in "DeviceActivityMonitor" target */,
			);
			path = DeviceActivityMonitor;
			sourceTree = "<group>";
		};
		C1EB41772F5D2FCD00848999 /* EarlyRise */ = {
			isa = PBXFileSystemSynchronizedRootGroup;
			exceptions = (
				C177B6122F6109C90000D2F6 /* Exceptions for "EarlyRise" folder in "EarlyRise" target */,
			);
			path = EarlyRise;
			sourceTree = "<group>";
		};
/* End PBXFileSystemSynchronizedRootGroup section */

/* Begin PBXFrameworksBuildPhase section */
		C1705AA12F625E96009733D0 /* Frameworks */ = {
			isa = PBXFrameworksBuildPhase;
			buildActionMask = 2147483647;
			files = (
				C1705ABF2F626CC9009733D0 /* ActivityKit.framework in Frameworks */,
				C1705AA82F625E97009733D0 /* SwiftUI.framework in Frameworks */,
				C1705AA62F625E97009733D0 /* WidgetKit.framework in Frameworks */,
			);
			runOnlyForDeploymentPostprocessing = 0;
		};
		C177B6002F6105790000D2F6 /* Frameworks */ = {
			isa = PBXFrameworksBuildPhase;
			buildActionMask = 2147483647;
			files = (
				C177B6042F6105790000D2F6 /* ManagedSettings.framework in Frameworks */,
			);
			runOnlyForDeploymentPostprocessing = 0;
		};
		C17DB60E2F5FBCED0017A0C6 /* Frameworks */ = {
			isa = PBXFrameworksBuildPhase;
			buildActionMask = 2147483647;
			files = (
				C17DB6142F5FBCED0017A0C6 /* ManagedSettings.framework in Frameworks */,
				C17DB6162F5FBCED0017A0C6 /* ManagedSettingsUI.framework in Frameworks */,
			);
			runOnlyForDeploymentPostprocessing = 0;
		};
		C17DB6252F5FBD470017A0C6 /* Frameworks */ = {
			isa = PBXFrameworksBuildPhase;
			buildActionMask = 2147483647;
			files = (
				C17DB62A2F5FBD470017A0C6 /* DeviceActivity.framework in Frameworks */,
			);
			runOnlyForDeploymentPostprocessing = 0;
		};
		C1EB41722F5D2FCD00848999 /* Frameworks */ = {
			isa = PBXFrameworksBuildPhase;
			buildActionMask = 2147483647;
			files = (
			);
			runOnlyForDeploymentPostprocessing = 0;
		};
/* End PBXFrameworksBuildPhase section */

/* Begin PBXGroup section */
		C17DB6122F5FBCED0017A0C6 /* Frameworks */ = {
			isa = PBXGroup;
			children = (
				C1705ABE2F626CC9009733D0 /* ActivityKit.framework */,
				C17DB6132F5FBCED0017A0C6 /* ManagedSettings.framework */,
				C17DB6152F5FBCED0017A0C6 /* ManagedSettingsUI.framework */,
				C17DB6292F5FBD470017A0C6 /* DeviceActivity.framework */,
				C1705AA52F625E97009733D0 /* WidgetKit.framework */,
				C1705AA72F625E97009733D0 /* SwiftUI.framework */,
			);
			name = Frameworks;
			sourceTree = "<group>";
		};
		C1EB416C2F5D2FCD00848999 = {
			isa = PBXGroup;
			children = (
				C1EB41852F5D366300848999 /* TaskListView.swift */,
				C1EB41772F5D2FCD00848999 /* EarlyRise */,
				C17DB6172F5FBCED0017A0C6 /* ShieldConfiguration */,
				C17DB62B2F5FBD470017A0C6 /* DeviceActivityMonitor */,
				C177B6052F6105790000D2F6 /* ShieldAction */,
				C1705AA92F625E97009733D0 /* EarlyRiseLiveActivity */,
				C17DB6122F5FBCED0017A0C6 /* Frameworks */,
				C1EB41762F5D2FCD00848999 /* Products */,
			);
			sourceTree = "<group>";
		};
		C1EB41762F5D2FCD00848999 /* Products */ = {
			isa = PBXGroup;
			children = (
				C1EB41752F5D2FCD00848999 /* EarlyRise.app */,
				C17DB6112F5FBCED0017A0C6 /* ShieldConfiguration.appex */,
				C17DB6282F5FBD470017A0C6 /* DeviceActivityMonitor.appex */,
				C177B6032F6105790000D2F6 /* ShieldAction.appex */,
				C1705AA42F625E96009733D0 /* EarlyRiseLiveActivityExtension.appex */,
			);
			name = Products;
			sourceTree = "<group>";
		};
/* End PBXGroup section */

/* Begin PBXNativeTarget section */
		C1705AA32F625E96009733D0 /* EarlyRiseLiveActivityExtension */ = {
			isa = PBXNativeTarget;
			buildConfigurationList = C1705AB62F625E98009733D0 /* Build configuration list for PBXNativeTarget "EarlyRiseLiveActivityExtension" */;
			buildPhases = (
				C1705AA02F625E96009733D0 /* Sources */,
				C1705AA12F625E96009733D0 /* Frameworks */,
				C1705AA22F625E96009733D0 /* Resources */,
			);
			buildRules = (
			);
			dependencies = (
			);
			fileSystemSynchronizedGroups = (
				C1705AA92F625E97009733D0 /* EarlyRiseLiveActivity */,
			);
			name = EarlyRiseLiveActivityExtension;
			packageProductDependencies = (
			);
			productName = EarlyRiseLiveActivityExtension;
			productReference = C1705AA42F625E96009733D0 /* EarlyRiseLiveActivityExtension.appex */;
			productType = "com.apple.product-type.app-extension";
		};
		C177B6022F6105790000D2F6 /* ShieldAction */ = {
			isa = PBXNativeTarget;
			buildConfigurationList = C177B6102F6105790000D2F6 /* Build configuration list for PBXNativeTarget "ShieldAction" */;
			buildPhases = (
				C177B5FF2F6105790000D2F6 /* Sources */,
				C177B6002F6105790000D2F6 /* Frameworks */,
				C177B6012F6105790000D2F6 /* Resources */,
			);
			buildRules = (
			);
			dependencies = (
			);
			fileSystemSynchronizedGroups = (
				C177B6052F6105790000D2F6 /* ShieldAction */,
			);
			name = ShieldAction;
			packageProductDependencies = (
			);
			productName = ShieldAction;
			productReference = C177B6032F6105790000D2F6 /* ShieldAction.appex */;
			productType = "com.apple.product-type.app-extension";
		};
		C17DB6102F5FBCED0017A0C6 /* ShieldConfiguration */ = {
			isa = PBXNativeTarget;
			buildConfigurationList = C17DB6202F5FBCED0017A0C6 /* Build configuration list for PBXNativeTarget "ShieldConfiguration" */;
			buildPhases = (
				C17DB60D2F5FBCED0017A0C6 /* Sources */,
				C17DB60E2F5FBCED0017A0C6 /* Frameworks */,
				C17DB60F2F5FBCED0017A0C6 /* Resources */,
			);
			buildRules = (
			);
			dependencies = (
			);
			fileSystemSynchronizedGroups = (
				C17DB6172F5FBCED0017A0C6 /* ShieldConfiguration */,
			);
			name = ShieldConfiguration;
			packageProductDependencies = (
			);
			productName = ShieldConfiguration;
			productReference = C17DB6112F5FBCED0017A0C6 /* ShieldConfiguration.appex */;
			productType = "com.apple.product-type.app-extension";
		};
		C17DB6272F5FBD470017A0C6 /* DeviceActivityMonitor */ = {
			isa = PBXNativeTarget;
			buildConfigurationList = C17DB6342F5FBD470017A0C6 /* Build configuration list for PBXNativeTarget "DeviceActivityMonitor" */;
			buildPhases = (
				C17DB6242F5FBD470017A0C6 /* Sources */,
				C17DB6252F5FBD470017A0C6 /* Frameworks */,
				C17DB6262F5FBD470017A0C6 /* Resources */,
			);
			buildRules = (
			);
			dependencies = (
			);
			fileSystemSynchronizedGroups = (
				C17DB62B2F5FBD470017A0C6 /* DeviceActivityMonitor */,
			);
			name = DeviceActivityMonitor;
			packageProductDependencies = (
			);
			productName = DeviceActivityMonitor;
			productReference = C17DB6282F5FBD470017A0C6 /* DeviceActivityMonitor.appex */;
			productType = "com.apple.product-type.app-extension";
		};
		C1EB41742F5D2FCD00848999 /* EarlyRise */ = {
			isa = PBXNativeTarget;
			buildConfigurationList = C1EB41822F5D2FCE00848999 /* Build configuration list for PBXNativeTarget "EarlyRise" */;
			buildPhases = (
				C1EB41712F5D2FCD00848999 /* Sources */,
				C1EB41722F5D2FCD00848999 /* Frameworks */,
				C1EB41732F5D2FCD00848999 /* Resources */,
				C17DB6232F5FBCED0017A0C6 /* Embed Foundation Extensions */,
			);
			buildRules = (
			);
			dependencies = (
				C17DB61D2F5FBCED0017A0C6 /* PBXTargetDependency */,
				C17DB6312F5FBD470017A0C6 /* PBXTargetDependency */,
				C177B60B2F6105790000D2F6 /* PBXTargetDependency */,
				C1705AB42F625E98009733D0 /* PBXTargetDependency */,
			);
			fileSystemSynchronizedGroups = (
				C1EB41772F5D2FCD00848999 /* EarlyRise */,
			);
			name = EarlyRise;
			packageProductDependencies = (
			);
			productName = EarlyRise;
			productReference = C1EB41752F5D2FCD00848999 /* EarlyRise.app */;
			productType = "com.apple.product-type.application";
		};
/* End PBXNativeTarget section */

/* Begin PBXProject section */
		C1EB416D2F5D2FCD00848999 /* Project object */ = {
			isa = PBXProject;
			attributes = {
				BuildIndependentTargetsInParallel = 1;
				LastSwiftUpdateCheck = 2630;
				LastUpgradeCheck = 2640;
				TargetAttributes = {
					C1705AA32F625E96009733D0 = {
						CreatedOnToolsVersion = 26.3;
					};
					C177B6022F6105790000D2F6 = {
						CreatedOnToolsVersion = 26.3;
					};
					C17DB6102F5FBCED0017A0C6 = {
						CreatedOnToolsVersion = 26.3;
					};
					C17DB6272F5FBD470017A0C6 = {
						CreatedOnToolsVersion = 26.3;
					};
					C1EB41742F5D2FCD00848999 = {
						CreatedOnToolsVersion = 26.3;
					};
				};
			};
			buildConfigurationList = C1EB41702F5D2FCD00848999 /* Build configuration list for PBXProject "EarlyRise" */;
			developmentRegion = en;
			hasScannedForEncodings = 0;
			knownRegions = (
				en,
				Base,
			);
			mainGroup = C1EB416C2F5D2FCD00848999;
			minimizedProjectReferenceProxies = 1;
			preferredProjectObjectVersion = 77;
			productRefGroup = C1EB41762F5D2FCD00848999 /* Products */;
			projectDirPath = "";
			projectRoot = "";
			targets = (
				C1EB41742F5D2FCD00848999 /* EarlyRise */,
				C17DB6102F5FBCED0017A0C6 /* ShieldConfiguration */,
				C17DB6272F5FBD470017A0C6 /* DeviceActivityMonitor */,
				C177B6022F6105790000D2F6 /* ShieldAction */,
				C1705AA32F625E96009733D0 /* EarlyRiseLiveActivityExtension */,
			);
		};
/* End PBXProject section */

/* Begin PBXResourcesBuildPhase section */
		C1705AA22F625E96009733D0 /* Resources */ = {
			isa = PBXResourcesBuildPhase;
			buildActionMask = 2147483647;
			files = (
			);
			runOnlyForDeploymentPostprocessing = 0;
		};
		C177B6012F6105790000D2F6 /* Resources */ = {
			isa = PBXResourcesBuildPhase;
			buildActionMask = 2147483647;
			files = (
			);
			runOnlyForDeploymentPostprocessing = 0;
		};
		C17DB60F2F5FBCED0017A0C6 /* Resources */ = {
			isa = PBXResourcesBuildPhase;
			buildActionMask = 2147483647;
			files = (
			);
			runOnlyForDeploymentPostprocessing = 0;
		};
		C17DB6262F5FBD470017A0C6 /* Resources */ = {
			isa = PBXResourcesBuildPhase;
			buildActionMask = 2147483647;
			files = (
			);
			runOnlyForDeploymentPostprocessing = 0;
		};
		C1EB41732F5D2FCD00848999 /* Resources */ = {
			isa = PBXResourcesBuildPhase;
			buildActionMask = 2147483647;
			files = (
			);
			runOnlyForDeploymentPostprocessing = 0;
		};
/* End PBXResourcesBuildPhase section */

/* Begin PBXSourcesBuildPhase section */
		C1705AA02F625E96009733D0 /* Sources */ = {
			isa = PBXSourcesBuildPhase;
			buildActionMask = 2147483647;
			files = (
			);
			runOnlyForDeploymentPostprocessing = 0;
		};
		C177B5FF2F6105790000D2F6 /* Sources */ = {
			isa = PBXSourcesBuildPhase;
			buildActionMask = 2147483647;
			files = (
			);
			runOnlyForDeploymentPostprocessing = 0;
		};
		C17DB60D2F5FBCED0017A0C6 /* Sources */ = {
			isa = PBXSourcesBuildPhase;
			buildActionMask = 2147483647;
			files = (
			);
			runOnlyForDeploymentPostprocessing = 0;
		};
		C17DB6242F5FBD470017A0C6 /* Sources */ = {
			isa = PBXSourcesBuildPhase;
			buildActionMask = 2147483647;
			files = (
			);
			runOnlyForDeploymentPostprocessing = 0;
		};
		C1EB41712F5D2FCD00848999 /* Sources */ = {
			isa = PBXSourcesBuildPhase;
			buildActionMask = 2147483647;
			files = (
				C1EB41862F5D366300848999 /* TaskListView.swift in Sources */,
			);
			runOnlyForDeploymentPostprocessing = 0;
		};
/* End PBXSourcesBuildPhase section */

/* Begin PBXTargetDependency section */
		C1705AB42F625E98009733D0 /* PBXTargetDependency */ = {
			isa = PBXTargetDependency;
			target = C1705AA32F625E96009733D0 /* EarlyRiseLiveActivityExtension */;
			targetProxy = C1705AB32F625E98009733D0 /* PBXContainerItemProxy */;
		};
		C177B60B2F6105790000D2F6 /* PBXTargetDependency */ = {
			isa = PBXTargetDependency;
			target = C177B6022F6105790000D2F6 /* ShieldAction */;
			targetProxy = C177B60A2F6105790000D2F6 /* PBXContainerItemProxy */;
		};
		C17DB61D2F5FBCED0017A0C6 /* PBXTargetDependency */ = {
			isa = PBXTargetDependency;
			target = C17DB6102F5FBCED0017A0C6 /* ShieldConfiguration */;
			targetProxy = C17DB61C2F5FBCED0017A0C6 /* PBXContainerItemProxy */;
		};
		C17DB6312F5FBD470017A0C6 /* PBXTargetDependency */ = {
			isa = PBXTargetDependency;
			target = C17DB6272F5FBD470017A0C6 /* DeviceActivityMonitor */;
			targetProxy = C17DB6302F5FBD470017A0C6 /* PBXContainerItemProxy */;
		};
/* End PBXTargetDependency section */

/* Begin XCBuildConfiguration section */
		C1705AB72F625E98009733D0 /* Debug */ = {
			isa = XCBuildConfiguration;
			buildSettings = {
				ASSETCATALOG_COMPILER_GLOBAL_ACCENT_COLOR_NAME = AccentColor;
				ASSETCATALOG_COMPILER_WIDGET_BACKGROUND_COLOR_NAME = WidgetBackground;
				CODE_SIGN_STYLE = Automatic;
				CURRENT_PROJECT_VERSION = 4;
				GENERATE_INFOPLIST_FILE = YES;
				INFOPLIST_FILE = EarlyRiseLiveActivity/Info.plist;
				INFOPLIST_KEY_CFBundleDisplayName = EarlyRiseLiveActivity;
				INFOPLIST_KEY_NSHumanReadableCopyright = "";
				LD_RUNPATH_SEARCH_PATHS = (
					"$(inherited)",
					"@executable_path/Frameworks",
					"@executable_path/../../Frameworks",
				);
				MARKETING_VERSION = 1.2;
				PRODUCT_BUNDLE_IDENTIFIER = com.dorianlopez.earlyrise.EarlyRiseLiveActivity;
				PRODUCT_NAME = "$(TARGET_NAME)";
				SKIP_INSTALL = YES;
				STRING_CATALOG_GENERATE_SYMBOLS = YES;
				SWIFT_APPROACHABLE_CONCURRENCY = YES;
				SWIFT_EMIT_LOC_STRINGS = YES;
				SWIFT_UPCOMING_FEATURE_MEMBER_IMPORT_VISIBILITY = YES;
				SWIFT_VERSION = 5.0;
				TARGETED_DEVICE_FAMILY = "1,2";
			};
			name = Debug;
		};
		C1705AB82F625E98009733D0 /* Release */ = {
			isa = XCBuildConfiguration;
			buildSettings = {
				ASSETCATALOG_COMPILER_GLOBAL_ACCENT_COLOR_NAME = AccentColor;
				ASSETCATALOG_COMPILER_WIDGET_BACKGROUND_COLOR_NAME = WidgetBackground;
				CODE_SIGN_STYLE = Automatic;
				CURRENT_PROJECT_VERSION = 4;
				GENERATE_INFOPLIST_FILE = YES;
				INFOPLIST_FILE = EarlyRiseLiveActivity/Info.plist;
				INFOPLIST_KEY_CFBundleDisplayName = EarlyRiseLiveActivity;
				INFOPLIST_KEY_NSHumanReadableCopyright = "";
				LD_RUNPATH_SEARCH_PATHS = (
					"$(inherited)",
					"@executable_path/Frameworks",
					"@executable_path/../../Frameworks",
				);
				MARKETING_VERSION = 1.2;
				PRODUCT_BUNDLE_IDENTIFIER = com.dorianlopez.earlyrise.EarlyRiseLiveActivity;
				PRODUCT_NAME = "$(TARGET_NAME)";
				SKIP_INSTALL = YES;
				STRING_CATALOG_GENERATE_SYMBOLS = YES;
				SWIFT_APPROACHABLE_CONCURRENCY = YES;
				SWIFT_EMIT_LOC_STRINGS = YES;
				SWIFT_UPCOMING_FEATURE_MEMBER_IMPORT_VISIBILITY = YES;
				SWIFT_VERSION = 5.0;
				TARGETED_DEVICE_FAMILY = "1,2";
			};
			name = Release;
		};
		C177B60D2F6105790000D2F6 /* Debug */ = {
			isa = XCBuildConfiguration;
			buildSettings = {
				CODE_SIGN_ENTITLEMENTS = ShieldAction/ShieldAction.entitlements;
				CODE_SIGN_STYLE = Automatic;
				CURRENT_PROJECT_VERSION = 4;
				GENERATE_INFOPLIST_FILE = YES;
				INFOPLIST_FILE = ShieldAction/Info.plist;
				INFOPLIST_KEY_CFBundleDisplayName = ShieldAction;
				INFOPLIST_KEY_NSHumanReadableCopyright = "";
				LD_RUNPATH_SEARCH_PATHS = (
					"$(inherited)",
					"@executable_path/Frameworks",
					"@executable_path/../../Frameworks",
				);
				MARKETING_VERSION = 1.2;
				PRODUCT_BUNDLE_IDENTIFIER = com.dorianlopez.earlyrise.ShieldAction;
				PRODUCT_NAME = "$(TARGET_NAME)";
				SKIP_INSTALL = YES;
				STRING_CATALOG_GENERATE_SYMBOLS = YES;
				SWIFT_APPROACHABLE_CONCURRENCY = YES;
				SWIFT_EMIT_LOC_STRINGS = YES;
				SWIFT_UPCOMING_FEATURE_MEMBER_IMPORT_VISIBILITY = YES;
				SWIFT_VERSION = 5.0;
				TARGETED_DEVICE_FAMILY = "1,2";
			};
			name = Debug;
		};
		C177B60E2F6105790000D2F6 /* Release */ = {
			isa = XCBuildConfiguration;
			buildSettings = {
				CODE_SIGN_ENTITLEMENTS = ShieldAction/ShieldAction.entitlements;
				CODE_SIGN_STYLE = Automatic;
				CURRENT_PROJECT_VERSION = 4;
				GENERATE_INFOPLIST_FILE = YES;
				INFOPLIST_FILE = ShieldAction/Info.plist;
				INFOPLIST_KEY_CFBundleDisplayName = ShieldAction;
				INFOPLIST_KEY_NSHumanReadableCopyright = "";
				LD_RUNPATH_SEARCH_PATHS = (
					"$(inherited)",
					"@executable_path/Frameworks",
					"@executable_path/../../Frameworks",
				);
				MARKETING_VERSION = 1.2;
				PRODUCT_BUNDLE_IDENTIFIER = com.dorianlopez.earlyrise.ShieldAction;
				PRODUCT_NAME = "$(TARGET_NAME)";
				SKIP_INSTALL = YES;
				STRING_CATALOG_GENERATE_SYMBOLS = YES;
				SWIFT_APPROACHABLE_CONCURRENCY = YES;
				SWIFT_EMIT_LOC_STRINGS = YES;
				SWIFT_UPCOMING_FEATURE_MEMBER_IMPORT_VISIBILITY = YES;
				SWIFT_VERSION = 5.0;
				TARGETED_DEVICE_FAMILY = "1,2";
			};
			name = Release;
		};
		C17DB6212F5FBCED0017A0C6 /* Debug */ = {
			isa = XCBuildConfiguration;
			buildSettings = {
				CODE_SIGN_ENTITLEMENTS = ShieldConfiguration/ShieldConfiguration.entitlements;
				CODE_SIGN_STYLE = Automatic;
				CURRENT_PROJECT_VERSION = 4;
				GENERATE_INFOPLIST_FILE = YES;
				INFOPLIST_FILE = ShieldConfiguration/Info.plist;
				INFOPLIST_KEY_CFBundleDisplayName = ShieldConfiguration;
				INFOPLIST_KEY_NSHumanReadableCopyright = "";
				LD_RUNPATH_SEARCH_PATHS = (
					"$(inherited)",
					"@executable_path/Frameworks",
					"@executable_path/../../Frameworks",
				);
				MARKETING_VERSION = 1.2;
				PRODUCT_BUNDLE_IDENTIFIER = com.dorianlopez.earlyrise.ShieldConfiguration;
				PRODUCT_NAME = "$(TARGET_NAME)";
				SKIP_INSTALL = YES;
				STRING_CATALOG_GENERATE_SYMBOLS = YES;
				SWIFT_APPROACHABLE_CONCURRENCY = YES;
				SWIFT_EMIT_LOC_STRINGS = YES;
				SWIFT_UPCOMING_FEATURE_MEMBER_IMPORT_VISIBILITY = YES;
				SWIFT_VERSION = 5.0;
				TARGETED_DEVICE_FAMILY = "1,2";
			};
			name = Debug;
		};
		C17DB6222F5FBCED0017A0C6 /* Release */ = {
			isa = XCBuildConfiguration;
			buildSettings = {
				CODE_SIGN_ENTITLEMENTS = ShieldConfiguration/ShieldConfiguration.entitlements;
				CODE_SIGN_STYLE = Automatic;
				CURRENT_PROJECT_VERSION = 4;
				GENERATE_INFOPLIST_FILE = YES;
				INFOPLIST_FILE = ShieldConfiguration/Info.plist;
				INFOPLIST_KEY_CFBundleDisplayName = ShieldConfiguration;
				INFOPLIST_KEY_NSHumanReadableCopyright = "";
				LD_RUNPATH_SEARCH_PATHS = (
					"$(inherited)",
					"@executable_path/Frameworks",
					"@executable_path/../../Frameworks",
				);
				MARKETING_VERSION = 1.2;
				PRODUCT_BUNDLE_IDENTIFIER = com.dorianlopez.earlyrise.ShieldConfiguration;
				PRODUCT_NAME = "$(TARGET_NAME)";
				SKIP_INSTALL = YES;
				STRING_CATALOG_GENERATE_SYMBOLS = YES;
				SWIFT_APPROACHABLE_CONCURRENCY = YES;
				SWIFT_EMIT_LOC_STRINGS = YES;
				SWIFT_UPCOMING_FEATURE_MEMBER_IMPORT_VISIBILITY = YES;
				SWIFT_VERSION = 5.0;
				TARGETED_DEVICE_FAMILY = "1,2";
			};
			name = Release;
		};
		C17DB6352F5FBD470017A0C6 /* Debug */ = {
			isa = XCBuildConfiguration;
			buildSettings = {
				CODE_SIGN_ENTITLEMENTS = DeviceActivityMonitor/DeviceActivityMonitor.entitlements;
				CODE_SIGN_STYLE = Automatic;
				CURRENT_PROJECT_VERSION = 4;
				GENERATE_INFOPLIST_FILE = YES;
				INFOPLIST_FILE = DeviceActivityMonitor/Info.plist;
				INFOPLIST_KEY_CFBundleDisplayName = DeviceActivityMonitor;
				INFOPLIST_KEY_NSHumanReadableCopyright = "";
				LD_RUNPATH_SEARCH_PATHS = (
					"$(inherited)",
					"@executable_path/Frameworks",
					"@executable_path/../../Frameworks",
				);
				MARKETING_VERSION = 1.2;
				PRODUCT_BUNDLE_IDENTIFIER = com.dorianlopez.earlyrise.DeviceActivityMonitor;
				PRODUCT_NAME = "$(TARGET_NAME)";
				SKIP_INSTALL = YES;
				STRING_CATALOG_GENERATE_SYMBOLS = YES;
				SWIFT_APPROACHABLE_CONCURRENCY = YES;
				SWIFT_EMIT_LOC_STRINGS = YES;
				SWIFT_UPCOMING_FEATURE_MEMBER_IMPORT_VISIBILITY = YES;
				SWIFT_VERSION = 5.0;
				TARGETED_DEVICE_FAMILY = "1,2";
			};
			name = Debug;
		};
		C17DB6362F5FBD470017A0C6 /* Release */ = {
			isa = XCBuildConfiguration;
			buildSettings = {
				CODE_SIGN_ENTITLEMENTS = DeviceActivityMonitor/DeviceActivityMonitor.entitlements;
				CODE_SIGN_STYLE = Automatic;
				CURRENT_PROJECT_VERSION = 4;
				GENERATE_INFOPLIST_FILE = YES;
				INFOPLIST_FILE = DeviceActivityMonitor/Info.plist;
				INFOPLIST_KEY_CFBundleDisplayName = DeviceActivityMonitor;
				INFOPLIST_KEY_NSHumanReadableCopyright = "";
				LD_RUNPATH_SEARCH_PATHS = (
					"$(inherited)",
					"@executable_path/Frameworks",
					"@executable_path/../../Frameworks",
				);
				MARKETING_VERSION = 1.2;
				PRODUCT_BUNDLE_IDENTIFIER = com.dorianlopez.earlyrise.DeviceActivityMonitor;
				PRODUCT_NAME = "$(TARGET_NAME)";
				SKIP_INSTALL = YES;
				STRING_CATALOG_GENERATE_SYMBOLS = YES;
				SWIFT_APPROACHABLE_CONCURRENCY = YES;
				SWIFT_EMIT_LOC_STRINGS = YES;
				SWIFT_UPCOMING_FEATURE_MEMBER_IMPORT_VISIBILITY = YES;
				SWIFT_VERSION = 5.0;
				TARGETED_DEVICE_FAMILY = "1,2";
			};
			name = Release;
		};
		C1EB41802F5D2FCE00848999 /* Debug */ = {
			isa = XCBuildConfiguration;
			buildSettings = {
				ALWAYS_SEARCH_USER_PATHS = NO;
				ASSETCATALOG_COMPILER_GENERATE_SWIFT_ASSET_SYMBOL_EXTENSIONS = YES;
				CLANG_ANALYZER_NONNULL = YES;
				CLANG_ANALYZER_NUMBER_OBJECT_CONVERSION = YES_AGGRESSIVE;
				CLANG_CXX_LANGUAGE_STANDARD = "gnu++20";
				CLANG_ENABLE_MODULES = YES;
				CLANG_ENABLE_OBJC_ARC = YES;
				CLANG_ENABLE_OBJC_WEAK = YES;
				CLANG_WARN_BLOCK_CAPTURE_AUTORELEASING = YES;
				CLANG_WARN_BOOL_CONVERSION = YES;
				CLANG_WARN_COMMA = YES;
				CLANG_WARN_CONSTANT_CONVERSION = YES;
				CLANG_WARN_DEPRECATED_OBJC_IMPLEMENTATIONS = YES;
				CLANG_WARN_DIRECT_OBJC_ISA_USAGE = YES_ERROR;
				CLANG_WARN_DOCUMENTATION_COMMENTS = YES;
				CLANG_WARN_EMPTY_BODY = YES;
				CLANG_WARN_ENUM_CONVERSION = YES;
				CLANG_WARN_INFINITE_RECURSION = YES;
				CLANG_WARN_INT_CONVERSION = YES;
				CLANG_WARN_NON_LITERAL_NULL_CONVERSION = YES;
				CLANG_WARN_OBJC_IMPLICIT_RETAIN_SELF = YES;
				CLANG_WARN_OBJC_LITERAL_CONVERSION = YES;
				CLANG_WARN_OBJC_ROOT_CLASS = YES_ERROR;
				CLANG_WARN_QUOTED_INCLUDE_IN_FRAMEWORK_HEADER = YES;
				CLANG_WARN_RANGE_LOOP_ANALYSIS = YES;
				CLANG_WARN_STRICT_PROTOTYPES = YES;
				CLANG_WARN_SUSPICIOUS_MOVE = YES;
				CLANG_WARN_UNGUARDED_AVAILABILITY = YES_AGGRESSIVE;
				CLANG_WARN_UNREACHABLE_CODE = YES;
				CLANG_WARN__DUPLICATE_METHOD_MATCH = YES;
				COPY_PHASE_STRIP = NO;
				DEBUG_INFORMATION_FORMAT = dwarf;
				DEVELOPMENT_TEAM = TQ5893845H;
				ENABLE_STRICT_OBJC_MSGSEND = YES;
				ENABLE_TESTABILITY = YES;
				ENABLE_USER_SCRIPT_SANDBOXING = YES;
				GCC_C_LANGUAGE_STANDARD = gnu17;
				GCC_DYNAMIC_NO_PIC = NO;
				GCC_NO_COMMON_BLOCKS = YES;
				GCC_OPTIMIZATION_LEVEL = 0;
				GCC_PREPROCESSOR_DEFINITIONS = (
					"DEBUG=1",
					"$(inherited)",
				);
				GCC_WARN_64_TO_32_BIT_CONVERSION = YES;
				GCC_WARN_ABOUT_RETURN_TYPE = YES_ERROR;
				GCC_WARN_UNDECLARED_SELECTOR = YES;
				GCC_WARN_UNINITIALIZED_AUTOS = YES_AGGRESSIVE;
				GCC_WARN_UNUSED_FUNCTION = YES;
				GCC_WARN_UNUSED_VARIABLE = YES;
				IPHONEOS_DEPLOYMENT_TARGET = 26.2;
				LOCALIZATION_PREFERS_STRING_CATALOGS = YES;
				MTL_ENABLE_DEBUG_INFO = INCLUDE_SOURCE;
				MTL_FAST_MATH = YES;
				ONLY_ACTIVE_ARCH = YES;
				SDKROOT = iphoneos;
				STRING_CATALOG_GENERATE_SYMBOLS = YES;
				SWIFT_ACTIVE_COMPILATION_CONDITIONS = "DEBUG $(inherited)";
				SWIFT_OPTIMIZATION_LEVEL = "-Onone";
			};
			name = Debug;
		};
		C1EB41812F5D2FCE00848999 /* Release */ = {
			isa = XCBuildConfiguration;
			buildSettings = {
				ALWAYS_SEARCH_USER_PATHS = NO;
				ASSETCATALOG_COMPILER_GENERATE_SWIFT_ASSET_SYMBOL_EXTENSIONS = YES;
				CLANG_ANALYZER_NONNULL = YES;
				CLANG_ANALYZER_NUMBER_OBJECT_CONVERSION = YES_AGGRESSIVE;
				CLANG_CXX_LANGUAGE_STANDARD = "gnu++20";
				CLANG_ENABLE_MODULES = YES;
				CLANG_ENABLE_OBJC_ARC = YES;
				CLANG_ENABLE_OBJC_WEAK = YES;
				CLANG_WARN_BLOCK_CAPTURE_AUTORELEASING = YES;
				CLANG_WARN_BOOL_CONVERSION = YES;
				CLANG_WARN_COMMA = YES;
				CLANG_WARN_CONSTANT_CONVERSION = YES;
				CLANG_WARN_DEPRECATED_OBJC_IMPLEMENTATIONS = YES;
				CLANG_WARN_DIRECT_OBJC_ISA_USAGE = YES_ERROR;
				CLANG_WARN_DOCUMENTATION_COMMENTS = YES;
				CLANG_WARN_EMPTY_BODY = YES;
				CLANG_WARN_ENUM_CONVERSION = YES;
				CLANG_WARN_INFINITE_RECURSION = YES;
				CLANG_WARN_INT_CONVERSION = YES;
				CLANG_WARN_NON_LITERAL_NULL_CONVERSION = YES;
				CLANG_WARN_OBJC_IMPLICIT_RETAIN_SELF = YES;
				CLANG_WARN_OBJC_LITERAL_CONVERSION = YES;
				CLANG_WARN_OBJC_ROOT_CLASS = YES_ERROR;
				CLANG_WARN_QUOTED_INCLUDE_IN_FRAMEWORK_HEADER = YES;
				CLANG_WARN_RANGE_LOOP_ANALYSIS = YES;
				CLANG_WARN_STRICT_PROTOTYPES = YES;
				CLANG_WARN_SUSPICIOUS_MOVE = YES;
				CLANG_WARN_UNGUARDED_AVAILABILITY = YES_AGGRESSIVE;
				CLANG_WARN_UNREACHABLE_CODE = YES;
				CLANG_WARN__DUPLICATE_METHOD_MATCH = YES;
				COPY_PHASE_STRIP = NO;
				DEBUG_INFORMATION_FORMAT = "dwarf-with-dsym";
				DEVELOPMENT_TEAM = TQ5893845H;
				ENABLE_NS_ASSERTIONS = NO;
				ENABLE_STRICT_OBJC_MSGSEND = YES;
				ENABLE_USER_SCRIPT_SANDBOXING = YES;
				GCC_C_LANGUAGE_STANDARD = gnu17;
				GCC_NO_COMMON_BLOCKS = YES;
				GCC_WARN_64_TO_32_BIT_CONVERSION = YES;
				GCC_WARN_ABOUT_RETURN_TYPE = YES_ERROR;
				GCC_WARN_UNDECLARED_SELECTOR = YES;
				GCC_WARN_UNINITIALIZED_AUTOS = YES_AGGRESSIVE;
				GCC_WARN_UNUSED_FUNCTION = YES;
				GCC_WARN_UNUSED_VARIABLE = YES;
				IPHONEOS_DEPLOYMENT_TARGET = 26.2;
				LOCALIZATION_PREFERS_STRING_CATALOGS = YES;
				MTL_ENABLE_DEBUG_INFO = NO;
				MTL_FAST_MATH = YES;
				SDKROOT = iphoneos;
				STRING_CATALOG_GENERATE_SYMBOLS = YES;
				SWIFT_COMPILATION_MODE = wholemodule;
				VALIDATE_PRODUCT = YES;
			};
			name = Release;
		};
		C1EB41832F5D2FCE00848999 /* Debug */ = {
			isa = XCBuildConfiguration;
			buildSettings = {
				ASSETCATALOG_COMPILER_APPICON_NAME = AppIcon;
				ASSETCATALOG_COMPILER_GLOBAL_ACCENT_COLOR_NAME = AccentColor;
				CODE_SIGN_ENTITLEMENTS = EarlyRise/EarlyRise.entitlements;
				CODE_SIGN_STYLE = Automatic;
				CURRENT_PROJECT_VERSION = 4;
				ENABLE_PREVIEWS = YES;
				GENERATE_INFOPLIST_FILE = YES;
				INFOPLIST_FILE = EarlyRise/Info.plist;
				INFOPLIST_KEY_CFBundleDisplayName = EarlyRise;
				INFOPLIST_KEY_LSApplicationCategoryType = "public.app-category.healthcare-fitness";
				INFOPLIST_KEY_UIApplicationSceneManifest_Generation = YES;
				INFOPLIST_KEY_UIApplicationSupportsIndirectInputEvents = YES;
				INFOPLIST_KEY_UILaunchScreen_Generation = YES;
				INFOPLIST_KEY_UISupportedInterfaceOrientations_iPad = "UIInterfaceOrientationPortrait UIInterfaceOrientationPortraitUpsideDown UIInterfaceOrientationLandscapeLeft UIInterfaceOrientationLandscapeRight";
				INFOPLIST_KEY_UISupportedInterfaceOrientations_iPhone = "UIInterfaceOrientationPortrait UIInterfaceOrientationLandscapeLeft UIInterfaceOrientationLandscapeRight";
				LD_RUNPATH_SEARCH_PATHS = (
					"$(inherited)",
					"@executable_path/Frameworks",
				);
				MARKETING_VERSION = 1.2;
				PRODUCT_BUNDLE_IDENTIFIER = com.dorianlopez.earlyrise;
				PRODUCT_NAME = "$(TARGET_NAME)";
				STRING_CATALOG_GENERATE_SYMBOLS = YES;
				SWIFT_APPROACHABLE_CONCURRENCY = YES;
				SWIFT_DEFAULT_ACTOR_ISOLATION = MainActor;
				SWIFT_EMIT_LOC_STRINGS = YES;
				SWIFT_UPCOMING_FEATURE_MEMBER_IMPORT_VISIBILITY = YES;
				SWIFT_VERSION = 5.0;
				TARGETED_DEVICE_FAMILY = "1,2";
			};
			name = Debug;
		};
		C1EB41842F5D2FCE00848999 /* Release */ = {
			isa = XCBuildConfiguration;
			buildSettings = {
				ASSETCATALOG_COMPILER_APPICON_NAME = AppIcon;
				ASSETCATALOG_COMPILER_GLOBAL_ACCENT_COLOR_NAME = AccentColor;
				CODE_SIGN_ENTITLEMENTS = EarlyRise/EarlyRise.entitlements;
				CODE_SIGN_STYLE = Automatic;
				CURRENT_PROJECT_VERSION = 4;
				ENABLE_PREVIEWS = YES;
				GENERATE_INFOPLIST_FILE = YES;
				INFOPLIST_FILE = EarlyRise/Info.plist;
				INFOPLIST_KEY_CFBundleDisplayName = EarlyRise;
				INFOPLIST_KEY_LSApplicationCategoryType = "public.app-category.healthcare-fitness";
				INFOPLIST_KEY_UIApplicationSceneManifest_Generation = YES;
				INFOPLIST_KEY_UIApplicationSupportsIndirectInputEvents = YES;
				INFOPLIST_KEY_UILaunchScreen_Generation = YES;
				INFOPLIST_KEY_UISupportedInterfaceOrientations_iPad = "UIInterfaceOrientationPortrait UIInterfaceOrientationPortraitUpsideDown UIInterfaceOrientationLandscapeLeft UIInterfaceOrientationLandscapeRight";
				INFOPLIST_KEY_UISupportedInterfaceOrientations_iPhone = "UIInterfaceOrientationPortrait UIInterfaceOrientationLandscapeLeft UIInterfaceOrientationLandscapeRight";
				LD_RUNPATH_SEARCH_PATHS = (
					"$(inherited)",
					"@executable_path/Frameworks",
				);
				MARKETING_VERSION = 1.2;
				PRODUCT_BUNDLE_IDENTIFIER = com.dorianlopez.earlyrise;
				PRODUCT_NAME = "$(TARGET_NAME)";
				STRING_CATALOG_GENERATE_SYMBOLS = YES;
				SWIFT_APPROACHABLE_CONCURRENCY = YES;
				SWIFT_DEFAULT_ACTOR_ISOLATION = MainActor;
				SWIFT_EMIT_LOC_STRINGS = YES;
				SWIFT_UPCOMING_FEATURE_MEMBER_IMPORT_VISIBILITY = YES;
				SWIFT_VERSION = 5.0;
				TARGETED_DEVICE_FAMILY = "1,2";
			};
			name = Release;
		};
/* End XCBuildConfiguration section */

/* Begin XCConfigurationList section */
		C1705AB62F625E98009733D0 /* Build configuration list for PBXNativeTarget "EarlyRiseLiveActivityExtension" */ = {
			isa = XCConfigurationList;
			buildConfigurations = (
				C1705AB72F625E98009733D0 /* Debug */,
				C1705AB82F625E98009733D0 /* Release */,
			);
			defaultConfigurationIsVisible = 0;
			defaultConfigurationName = Release;
		};
		C177B6102F6105790000D2F6 /* Build configuration list for PBXNativeTarget "ShieldAction" */ = {
			isa = XCConfigurationList;
			buildConfigurations = (
				C177B60D2F6105790000D2F6 /* Debug */,
				C177B60E2F6105790000D2F6 /* Release */,
			);
			defaultConfigurationIsVisible = 0;
			defaultConfigurationName = Release;
		};
		C17DB6202F5FBCED0017A0C6 /* Build configuration list for PBXNativeTarget "ShieldConfiguration" */ = {
			isa = XCConfigurationList;
			buildConfigurations = (
				C17DB6212F5FBCED0017A0C6 /* Debug */,
				C17DB6222F5FBCED0017A0C6 /* Release */,
			);
			defaultConfigurationIsVisible = 0;
			defaultConfigurationName = Release;
		};
		C17DB6342F5FBD470017A0C6 /* Build configuration list for PBXNativeTarget "DeviceActivityMonitor" */ = {
			isa = XCConfigurationList;
			buildConfigurations = (
				C17DB6352F5FBD470017A0C6 /* Debug */,
				C17DB6362F5FBD470017A0C6 /* Release */,
			);
			defaultConfigurationIsVisible = 0;
			defaultConfigurationName = Release;
		};
		C1EB41702F5D2FCD00848999 /* Build configuration list for PBXProject "EarlyRise" */ = {
			isa = XCConfigurationList;
			buildConfigurations = (
				C1EB41802F5D2FCE00848999 /* Debug */,
				C1EB41812F5D2FCE00848999 /* Release */,
			);
			defaultConfigurationIsVisible = 0;
			defaultConfigurationName = Release;
		};
		C1EB41822F5D2FCE00848999 /* Build configuration list for PBXNativeTarget "EarlyRise" */ = {
			isa = XCConfigurationList;
			buildConfigurations = (
				C1EB41832F5D2FCE00848999 /* Debug */,
				C1EB41842F5D2FCE00848999 /* Release */,
			);
			defaultConfigurationIsVisible = 0;
			defaultConfigurationName = Release;
		};
/* End XCConfigurationList section */
	};
	rootObject = C1EB416D2F5D2FCD00848999 /* Project object */;
}
